
Microsoft Visual Studio Solution File, Format Version 12.00
# Visual Studio Version 17
VisualStudioVersion = 17.2.32526.322
MinimumVisualStudioVersion = 10.0.40219.1
Project("{9A19103F-16F7-4668-BE54-9A1E7A4F7556}") = "TodoListGQL", "TodoListGQL.csproj", "{250DEC15-73C1-40A1-A9F6-C23CB3A5DA2F}"
EndProject
Global
	GlobalSection(SolutionConfigurationPlatforms) = preSolution
		Debug|Any CPU = Debug|Any CPU
		Release|Any CPU = Release|Any CPU
	EndGlobalSection
	GlobalSection(ProjectConfigurationPlatforms) = postSolution
		{250DEC15-73C1-40A1-A9F6-C23CB3A5DA2F}.Debug|Any CPU.ActiveCfg = Debug|Any CPU
		{250DEC15-73C1-40A1-A9F6-C23CB3A5DA2F}.Debug|Any CPU.Build.0 = Debug|Any CPU
		{250DEC15-73C1-40A1-A9F6-C23CB3A5DA2F}.Release|Any CPU.ActiveCfg = Release|Any CPU
		{250DEC15-73C1-40A1-A9F6-C23CB3A5DA2F}.Release|Any CPU.Build.0 = Release|Any CPU
	EndGlobalSection
	GlobalSection(SolutionProperties) = preSolution
		HideSolutionNode = FALSE
	EndGlobalSection
	GlobalSection(ExtensibilityGlobals) = postSolution
		SolutionGuid = {AB7DFCDE-0241-43E0-B1D8-E78A2FE7F235}
	EndGlobalSection
EndGlobal
